
Microsoft Visual Studio Solution File, Format Version 12.00
# Visual Studio Version 16
VisualStudioVersion = 16.0.30114.105
MinimumVisualStudioVersion = 10.0.40219.1
Project("{FAE04EC0-301F-11D3-BF4B-00C04F79EFBC}") = "Oakular.Patterns.Web", "Oakular.Patterns.Web\Oakular.Patterns.Web.csproj", "{3305583C-559C-43AA-8076-6C50AAA715D4}"
EndProject
Project("{FAE04EC0-301F-11D3-BF4B-00C04F79EFBC}") = "Oakular.Patterns.Repository", "Oakular.Patterns.Repository\Oakular.Patterns.Repository.csproj", "{A27F67A7-FA38-45B2-9C7F-98D0CC4B75D8}"
EndProject
Project("{FAE04EC0-301F-11D3-BF4B-00C04F79EFBC}") = "Oakular.Patterns.Tests", "Oakular.Patterns.Tests\Oakular.Patterns.Tests.csproj", "{D0DB04B9-8A82-4DE0-95DA-31FD843C97A7}"
EndProject
Global
	GlobalSection(SolutionProperties) = preSolution
		HideSolutionNode = FALSE
	EndGlobalSection
	GlobalSection(SolutionConfigurationPlatforms) = preSolution
		Debug|Any CPU = Debug|Any CPU
		Debug|x64 = Debug|x64
		Debug|x86 = Debug|x86
		Release|Any CPU = Release|Any CPU
		Release|x64 = Release|x64
		Release|x86 = Release|x86
	EndGlobalSection
	GlobalSection(ProjectConfigurationPlatforms) = postSolution
		{3305583C-559C-43AA-8076-6C50AAA715D4}.Debug|Any CPU.ActiveCfg = Debug|Any CPU
		{3305583C-559C-43AA-8076-6C50AAA715D4}.Debug|Any CPU.Build.0 = Debug|Any CPU
		{3305583C-559C-43AA-8076-6C50AAA715D4}.Debug|x64.ActiveCfg = Debug|Any CPU
		{3305583C-559C-43AA-8076-6C50AAA715D4}.Debug|x64.Build.0 = Debug|Any CPU
		{3305583C-559C-43AA-8076-6C50AAA715D4}.Debug|x86.ActiveCfg = Debug|Any CPU
		{3305583C-559C-43AA-8076-6C50AAA715D4}.Debug|x86.Build.0 = Debug|Any CPU
		{3305583C-559C-43AA-8076-6C50AAA715D4}.Release|Any CPU.ActiveCfg = Release|Any CPU
		{3305583C-559C-43AA-8076-6C50AAA715D4}.Release|Any CPU.Build.0 = Release|Any CPU
		{3305583C-559C-43AA-8076-6C50AAA715D4}.Release|x64.ActiveCfg = Release|Any CPU
		{3305583C-559C-43AA-8076-6C50AAA715D4}.Release|x64.Build.0 = Release|Any CPU
		{3305583C-559C-43AA-8076-6C50AAA715D4}.Release|x86.ActiveCfg = Release|Any CPU
		{3305583C-559C-43AA-8076-6C50AAA715D4}.Release|x86.Build.0 = Release|Any CPU
		{A27F67A7-FA38-45B2-9C7F-98D0CC4B75D8}.Debug|Any CPU.ActiveCfg = Debug|Any CPU
		{A27F67A7-FA38-45B2-9C7F-98D0CC4B75D8}.Debug|Any CPU.Build.0 = Debug|Any CPU
		{A27F67A7-FA38-45B2-9C7F-98D0CC4B75D8}.Debug|x64.ActiveCfg = Debug|Any CPU
		{A27F67A7-FA38-45B2-9C7F-98D0CC4B75D8}.Debug|x64.Build.0 = Debug|Any CPU
		{A27F67A7-FA38-45B2-9C7F-98D0CC4B75D8}.Debug|x86.ActiveCfg = Debug|Any CPU
		{A27F67A7-FA38-45B2-9C7F-98D0CC4B75D8}.Debug|x86.Build.0 = Debug|Any CPU
		{A27F67A7-FA38-45B2-9C7F-98D0CC4B75D8}.Release|Any CPU.ActiveCfg = Release|Any CPU
		{A27F67A7-FA38-45B2-9C7F-98D0CC4B75D8}.Release|Any CPU.Build.0 = Release|Any CPU
		{A27F67A7-FA38-45B2-9C7F-98D0CC4B75D8}.Release|x64.ActiveCfg = Release|Any CPU
		{A27F67A7-FA38-45B2-9C7F-98D0CC4B75D8}.Release|x64.Build.0 = Release|Any CPU
		{A27F67A7-FA38-45B2-9C7F-98D0CC4B75D8}.Release|x86.ActiveCfg = Release|Any CPU
		{A27F67A7-FA38-45B2-9C7F-98D0CC4B75D8}.Release|x86.Build.0 = Release|Any CPU
		{D0DB04B9-8A82-4DE0-95DA-31FD843C97A7}.Debug|Any CPU.ActiveCfg = Debug|Any CPU
		{D0DB04B9-8A82-4DE0-95DA-31FD843C97A7}.Debug|Any CPU.Build.0 = Debug|Any CPU
		{D0DB04B9-8A82-4DE0-95DA-31FD843C97A7}.Debug|x64.ActiveCfg = Debug|Any CPU
		{D0DB04B9-8A82-4DE0-95DA-31FD843C97A7}.Debug|x64.Build.0 = Debug|Any CPU
		{D0DB04B9-8A82-4DE0-95DA-31FD843C97A7}.Debug|x86.ActiveCfg = Debug|Any CPU
		{D0DB04B9-8A82-4DE0-95DA-31FD843C97A7}.Debug|x86.Build.0 = Debug|Any CPU
		{D0DB04B9-8A82-4DE0-95DA-31FD843C97A7}.Release|Any CPU.ActiveCfg = Release|Any CPU
		{D0DB04B9-8A82-4DE0-95DA-31FD843C97A7}.Release|Any CPU.Build.0 = Release|Any CPU
		{D0DB04B9-8A82-4DE0-95DA-31FD843C97A7}.Release|x64.ActiveCfg = Release|Any CPU
		{D0DB04B9-8A82-4DE0-95DA-31FD843C97A7}.Release|x64.Build.0 = Release|Any CPU
		{D0DB04B9-8A82-4DE0-95DA-31FD843C97A7}.Release|x86.ActiveCfg = Release|Any CPU
		{D0DB04B9-8A82-4DE0-95DA-31FD843C97A7}.Release|x86.Build.0 = Release|Any CPU
	EndGlobalSection
EndGlobal
